
Microsoft Visual Studio Solution File, Format Version 12.00
# Visual Studio 15
VisualStudioVersion = 15.0.26730.3
MinimumVisualStudioVersion = 10.0.40219.1
Project("{FAE04EC0-301F-11D3-BF4B-00C04F79EFBC}") = "Grant_SuperFinch", "Grant_SuperFinch\Grant_SuperFinch.csproj", "{C2E064C2-169D-455F-8122-EAD9EAF32B23}"
EndProject
Global
	GlobalSection(SolutionConfigurationPlatforms) = preSolution
		Debug|Any CPU = Debug|Any CPU
		Release|Any CPU = Release|Any CPU
	EndGlobalSection
	GlobalSection(ProjectConfigurationPlatforms) = postSolution
		{C2E064C2-169D-455F-8122-EAD9EAF32B23}.Debug|Any CPU.ActiveCfg = Debug|Any CPU
		{C2E064C2-169D-455F-8122-EAD9EAF32B23}.Debug|Any CPU.Build.0 = Debug|Any CPU
		{C2E064C2-169D-455F-8122-EAD9EAF32B23}.Release|Any CPU.ActiveCfg = Release|Any CPU
		{C2E064C2-169D-455F-8122-EAD9EAF32B23}.Release|Any CPU.Build.0 = Release|Any CPU
	EndGlobalSection
	GlobalSection(SolutionProperties) = preSolution
		HideSolutionNode = FALSE
	EndGlobalSection
	GlobalSection(ExtensibilityGlobals) = postSolution
		SolutionGuid = {9BE60C29-6893-4A06-9C62-490C9E852DC1}
	EndGlobalSection
EndGlobal
