
Microsoft Visual Studio Solution File, Format Version 12.00
# Visual Studio 15
VisualStudioVersion = 15.0.26730.3
MinimumVisualStudioVersion = 10.0.40219.1
Project("{FAE04EC0-301F-11D3-BF4B-00C04F79EFBC}") = "Grant121_SimpleMonsterClasses", "Grant121_SimpleMonsterClasses\Grant121_SimpleMonsterClasses.csproj", "{1043BAEC-7722-4FE4-91E7-4BB2598A34D7}"
EndProject
Global
	GlobalSection(SolutionConfigurationPlatforms) = preSolution
		Debug|Any CPU = Debug|Any CPU
		Release|Any CPU = Release|Any CPU
	EndGlobalSection
	GlobalSection(ProjectConfigurationPlatforms) = postSolution
		{1043BAEC-7722-4FE4-91E7-4BB2598A34D7}.Debug|Any CPU.ActiveCfg = Debug|Any CPU
		{1043BAEC-7722-4FE4-91E7-4BB2598A34D7}.Debug|Any CPU.Build.0 = Debug|Any CPU
		{1043BAEC-7722-4FE4-91E7-4BB2598A34D7}.Release|Any CPU.ActiveCfg = Release|Any CPU
		{1043BAEC-7722-4FE4-91E7-4BB2598A34D7}.Release|Any CPU.Build.0 = Release|Any CPU
	EndGlobalSection
	GlobalSection(SolutionProperties) = preSolution
		HideSolutionNode = FALSE
	EndGlobalSection
	GlobalSection(ExtensibilityGlobals) = postSolution
		SolutionGuid = {B5FE8804-88CA-49ED-ADEF-A92410BF0789}
	EndGlobalSection
EndGlobal
