
Microsoft Visual Studio Solution File, Format Version 12.00
# Visual Studio 15
VisualStudioVersion = 15.0.26730.3
MinimumVisualStudioVersion = 10.0.40219.1
Project("{FAE04EC0-301F-11D3-BF4B-00C04F79EFBC}") = "Grant-GetItGoing", "Grant-GetItGoing\Grant-GetItGoing.csproj", "{720E0A05-BF0F-417C-BA76-C18550F0868A}"
EndProject
Global
	GlobalSection(SolutionConfigurationPlatforms) = preSolution
		Debug|Any CPU = Debug|Any CPU
		Release|Any CPU = Release|Any CPU
	EndGlobalSection
	GlobalSection(ProjectConfigurationPlatforms) = postSolution
		{720E0A05-BF0F-417C-BA76-C18550F0868A}.Debug|Any CPU.ActiveCfg = Debug|Any CPU
		{720E0A05-BF0F-417C-BA76-C18550F0868A}.Debug|Any CPU.Build.0 = Debug|Any CPU
		{720E0A05-BF0F-417C-BA76-C18550F0868A}.Release|Any CPU.ActiveCfg = Release|Any CPU
		{720E0A05-BF0F-417C-BA76-C18550F0868A}.Release|Any CPU.Build.0 = Release|Any CPU
	EndGlobalSection
	GlobalSection(SolutionProperties) = preSolution
		HideSolutionNode = FALSE
	EndGlobalSection
	GlobalSection(ExtensibilityGlobals) = postSolution
		SolutionGuid = {53A93B8A-C693-47A3-9AE4-1F02C5D256C9}
	EndGlobalSection
EndGlobal
