
Microsoft Visual Studio Solution File, Format Version 12.00
# Visual Studio 15
VisualStudioVersion = 15.0.26730.3
MinimumVisualStudioVersion = 10.0.40219.1
Project("{FAE04EC0-301F-11D3-BF4B-00C04F79EFBC}") = "Grant-Exceptions", "Grant-Exceptions\Grant-Exceptions.csproj", "{EC5591EB-1A1A-4C3C-BDB5-F270F0B2A79C}"
EndProject
Global
	GlobalSection(SolutionConfigurationPlatforms) = preSolution
		Debug|Any CPU = Debug|Any CPU
		Release|Any CPU = Release|Any CPU
	EndGlobalSection
	GlobalSection(ProjectConfigurationPlatforms) = postSolution
		{EC5591EB-1A1A-4C3C-BDB5-F270F0B2A79C}.Debug|Any CPU.ActiveCfg = Debug|Any CPU
		{EC5591EB-1A1A-4C3C-BDB5-F270F0B2A79C}.Debug|Any CPU.Build.0 = Debug|Any CPU
		{EC5591EB-1A1A-4C3C-BDB5-F270F0B2A79C}.Release|Any CPU.ActiveCfg = Release|Any CPU
		{EC5591EB-1A1A-4C3C-BDB5-F270F0B2A79C}.Release|Any CPU.Build.0 = Release|Any CPU
	EndGlobalSection
	GlobalSection(SolutionProperties) = preSolution
		HideSolutionNode = FALSE
	EndGlobalSection
	GlobalSection(ExtensibilityGlobals) = postSolution
		SolutionGuid = {7EAD6FED-3E2A-4207-8E4D-D4F42A259639}
	EndGlobalSection
EndGlobal
